
Microsoft Visual Studio Solution File, Format Version 12.00
# Visual Studio Version 16
VisualStudioVersion = 16.0.31112.23
MinimumVisualStudioVersion = 10.0.40219.1
Project("{FAE04EC0-301F-11D3-BF4B-00C04F79EFBC}") = "ODBC_Excel_As_Datasource", "ODBC_Excel_As_Datasource\ODBC_Excel_As_Datasource.csproj", "{D9DCD1BD-A16F-40A0-B6EE-723536B8F9C6}"
EndProject
Global
	GlobalSection(SolutionConfigurationPlatforms) = preSolution
		Debug|Any CPU = Debug|Any CPU
		Release|Any CPU = Release|Any CPU
	EndGlobalSection
	GlobalSection(ProjectConfigurationPlatforms) = postSolution
		{D9DCD1BD-A16F-40A0-B6EE-723536B8F9C6}.Debug|Any CPU.ActiveCfg = Debug|Any CPU
		{D9DCD1BD-A16F-40A0-B6EE-723536B8F9C6}.Debug|Any CPU.Build.0 = Debug|Any CPU
		{D9DCD1BD-A16F-40A0-B6EE-723536B8F9C6}.Release|Any CPU.ActiveCfg = Release|Any CPU
		{D9DCD1BD-A16F-40A0-B6EE-723536B8F9C6}.Release|Any CPU.Build.0 = Release|Any CPU
	EndGlobalSection
	GlobalSection(SolutionProperties) = preSolution
		HideSolutionNode = FALSE
	EndGlobalSection
	GlobalSection(ExtensibilityGlobals) = postSolution
		SolutionGuid = {01E467E3-2F2A-47DD-8BC5-50272F9C990D}
	EndGlobalSection
EndGlobal
